// !$*UTF8*$!
{
	archiveVersion = 1;
	classes = {
	};
	objectVersion = 51;
	objects = {

/* Begin PBXBuildFile section */
		181A366425712DEC00BE9B88 /* RealmStorage.swift in Sources */ = {isa = PBXBuildFile; fileRef = 181A366325712DEC00BE9B88 /* RealmStorage.swift */; };
		181A3669257135B000BE9B88 /* StorageLeagues.swift in Sources */ = {isa = PBXBuildFile; fileRef = 181A3668257135B000BE9B88 /* StorageLeagues.swift */; };
		181A366B2571367700BE9B88 /* StorageCompetition.swift in Sources */ = {isa = PBXBuildFile; fileRef = 181A366A2571367700BE9B88 /* StorageCompetition.swift */; };
		181A366D2571374100BE9B88 /* StorageCurrentSeason.swift in Sources */ = {isa = PBXBuildFile; fileRef = 181A366C2571374100BE9B88 /* StorageCurrentSeason.swift */; };
		181A366F2571388000BE9B88 /* StorageTeamsResponse.swift in Sources */ = {isa = PBXBuildFile; fileRef = 181A366E2571388000BE9B88 /* StorageTeamsResponse.swift */; };
		181A36712571390100BE9B88 /* StorageTeam.swift in Sources */ = {isa = PBXBuildFile; fileRef = 181A36702571390100BE9B88 /* StorageTeam.swift */; };
		181A3673257139BD00BE9B88 /* StorageArea.swift in Sources */ = {isa = PBXBuildFile; fileRef = 181A3672257139BD00BE9B88 /* StorageArea.swift */; };
		181A367625714AC200BE9B88 /* RefershManger.swift in Sources */ = {isa = PBXBuildFile; fileRef = 181A367525714AC200BE9B88 /* RefershManger.swift */; };
		872244372572BD6A00103FF1 /* Store.swift in Sources */ = {isa = PBXBuildFile; fileRef = 872244362572BD6A00103FF1 /* Store.swift */; };
		872C5E7C2572EC1D006FC604 /* TeamDetailsViewController.swift in Sources */ = {isa = PBXBuildFile; fileRef = 872C5E7A2572EC1D006FC604 /* TeamDetailsViewController.swift */; };
		872C5E7D2572EC1D006FC604 /* TeamDetailsViewController.xib in Resources */ = {isa = PBXBuildFile; fileRef = 872C5E7B2572EC1D006FC604 /* TeamDetailsViewController.xib */; };
		872C5E7F2572ED56006FC604 /* TeamDetailsViewModel.swift in Sources */ = {isa = PBXBuildFile; fileRef = 872C5E7E2572ED56006FC604 /* TeamDetailsViewModel.swift */; };
		872C5E842572F3FF006FC604 /* ImageLogoTableViewCell.swift in Sources */ = {isa = PBXBuildFile; fileRef = 872C5E822572F3FF006FC604 /* ImageLogoTableViewCell.swift */; };
		872C5E852572F3FF006FC604 /* ImageLogoTableViewCell.xib in Resources */ = {isa = PBXBuildFile; fileRef = 872C5E832572F3FF006FC604 /* ImageLogoTableViewCell.xib */; };
		8748100C25708CA000785111 /* TeamTableViewCellViewModel.swift in Sources */ = {isa = PBXBuildFile; fileRef = 8748100B25708CA000785111 /* TeamTableViewCellViewModel.swift */; };
		874810132570975C00785111 /* LeagueTableViewCell.swift in Sources */ = {isa = PBXBuildFile; fileRef = 874810112570975C00785111 /* LeagueTableViewCell.swift */; };
		874810142570975C00785111 /* LeagueTableViewCell.xib in Resources */ = {isa = PBXBuildFile; fileRef = 874810122570975C00785111 /* LeagueTableViewCell.xib */; };
		8748101625710BC900785111 /* LeagueTableViewCellViewModel.swift in Sources */ = {isa = PBXBuildFile; fileRef = 8748101525710BC900785111 /* LeagueTableViewCellViewModel.swift */; };
		878DFBBC256C5703003077C5 /* TeamsScreenViewController.swift in Sources */ = {isa = PBXBuildFile; fileRef = 878DFBBA256C5703003077C5 /* TeamsScreenViewController.swift */; };
		878DFBBD256C5703003077C5 /* TeamsScreenViewController.xib in Resources */ = {isa = PBXBuildFile; fileRef = 878DFBBB256C5703003077C5 /* TeamsScreenViewController.xib */; };
		878DFBBF256C5718003077C5 /* TeamsScreenViewModel.swift in Sources */ = {isa = PBXBuildFile; fileRef = 878DFBBE256C5718003077C5 /* TeamsScreenViewModel.swift */; };
		878DFBC1256C5809003077C5 /* Team.swift in Sources */ = {isa = PBXBuildFile; fileRef = 878DFBC0256C5809003077C5 /* Team.swift */; };
		878DFBC3256C58DE003077C5 /* Season.swift in Sources */ = {isa = PBXBuildFile; fileRef = 878DFBC2256C58DE003077C5 /* Season.swift */; };
		878DFBC5256C590C003077C5 /* JSONNUll.swift in Sources */ = {isa = PBXBuildFile; fileRef = 878DFBC4256C590C003077C5 /* JSONNUll.swift */; };
		878DFBC7256C5A9F003077C5 /* TeamsResponse.swift in Sources */ = {isa = PBXBuildFile; fileRef = 878DFBC6256C5A9F003077C5 /* TeamsResponse.swift */; };
		879F32BC25705D83002B07F5 /* TeamTableViewCell.swift in Sources */ = {isa = PBXBuildFile; fileRef = 879F32BA25705D83002B07F5 /* TeamTableViewCell.swift */; };
		879F32BD25705D83002B07F5 /* TeamTableViewCell.xib in Resources */ = {isa = PBXBuildFile; fileRef = 879F32BB25705D83002B07F5 /* TeamTableViewCell.xib */; };
		87AD96EE257417A00057FE23 /* Reachability.swift in Sources */ = {isa = PBXBuildFile; fileRef = 87AD96ED257417A00057FE23 /* Reachability.swift */; };
		BA1CE51F256AEEC300FC7E36 /* LeaguesScreenViewController.swift in Sources */ = {isa = PBXBuildFile; fileRef = BA1CE51D256AEEC300FC7E36 /* LeaguesScreenViewController.swift */; };
		BA1CE520256AEEC300FC7E36 /* LeaguesScreenViewController.xib in Resources */ = {isa = PBXBuildFile; fileRef = BA1CE51E256AEEC300FC7E36 /* LeaguesScreenViewController.xib */; };
		BA1CE522256AEEED00FC7E36 /* LeaguesScreenViewModel.swift in Sources */ = {isa = PBXBuildFile; fileRef = BA1CE521256AEEED00FC7E36 /* LeaguesScreenViewModel.swift */; };
		BA1CE525256AF24E00FC7E36 /* Leagues.swift in Sources */ = {isa = PBXBuildFile; fileRef = BA1CE524256AF24E00FC7E36 /* Leagues.swift */; };
		BA1CE527256AF2E100FC7E36 /* Competition.swift in Sources */ = {isa = PBXBuildFile; fileRef = BA1CE526256AF2E100FC7E36 /* Competition.swift */; };
		BA1CE529256AF2FE00FC7E36 /* Area.swift in Sources */ = {isa = PBXBuildFile; fileRef = BA1CE528256AF2FE00FC7E36 /* Area.swift */; };
		BA1CE52B256AF31B00FC7E36 /* CurrentSeason.swift in Sources */ = {isa = PBXBuildFile; fileRef = BA1CE52A256AF31B00FC7E36 /* CurrentSeason.swift */; };
		BA1CE52D256AF33100FC7E36 /* Winner.swift in Sources */ = {isa = PBXBuildFile; fileRef = BA1CE52C256AF33100FC7E36 /* Winner.swift */; };
		BA1CE52F256AF36A00FC7E36 /* Plan.swift in Sources */ = {isa = PBXBuildFile; fileRef = BA1CE52E256AF36A00FC7E36 /* Plan.swift */; };
		BA1CE531256AF3BA00FC7E36 /* Network.swift in Sources */ = {isa = PBXBuildFile; fileRef = BA1CE530256AF3BA00FC7E36 /* Network.swift */; };
		BA3DB92B2561A06F00F213E1 /* AppDelegate.swift in Sources */ = {isa = PBXBuildFile; fileRef = BA3DB92A2561A06F00F213E1 /* AppDelegate.swift */; };
		BA3DB9322561A07000F213E1 /* Assets.xcassets in Resources */ = {isa = PBXBuildFile; fileRef = BA3DB9312561A07000F213E1 /* Assets.xcassets */; };
		BA3DB9352561A07000F213E1 /* LaunchScreen.storyboard in Resources */ = {isa = PBXBuildFile; fileRef = BA3DB9332561A07000F213E1 /* LaunchScreen.storyboard */; };
		BA990F76256B0A2000800EFA /* Observable.swift in Sources */ = {isa = PBXBuildFile; fileRef = BA990F75256B0A2000800EFA /* Observable.swift */; };
		DC3F3C8DE524534731348CE5 /* Pods_FootballApp.framework in Frameworks */ = {isa = PBXBuildFile; fileRef = 76593F51F34359B7510385EC /* Pods_FootballApp.framework */; };
/* End PBXBuildFile section */

/* Begin PBXFileReference section */
		181A366325712DEC00BE9B88 /* RealmStorage.swift */ = {isa = PBXFileReference; lastKnownFileType = sourcecode.swift; path = RealmStorage.swift; sourceTree = "<group>"; };
		181A3668257135B000BE9B88 /* StorageLeagues.swift */ = {isa = PBXFileReference; lastKnownFileType = sourcecode.swift; path = StorageLeagues.swift; sourceTree = "<group>"; };
		181A366A2571367700BE9B88 /* StorageCompetition.swift */ = {isa = PBXFileReference; lastKnownFileType = sourcecode.swift; path = StorageCompetition.swift; sourceTree = "<group>"; };
		181A366C2571374100BE9B88 /* StorageCurrentSeason.swift */ = {isa = PBXFileReference; lastKnownFileType = sourcecode.swift; path = StorageCurrentSeason.swift; sourceTree = "<group>"; };
		181A366E2571388000BE9B88 /* StorageTeamsResponse.swift */ = {isa = PBXFileReference; lastKnownFileType = sourcecode.swift; path = StorageTeamsResponse.swift; sourceTree = "<group>"; };
		181A36702571390100BE9B88 /* StorageTeam.swift */ = {isa = PBXFileReference; lastKnownFileType = sourcecode.swift; path = StorageTeam.swift; sourceTree = "<group>"; };
		181A3672257139BD00BE9B88 /* StorageArea.swift */ = {isa = PBXFileReference; lastKnownFileType = sourcecode.swift; path = StorageArea.swift; sourceTree = "<group>"; };
		181A367525714AC200BE9B88 /* RefershManger.swift */ = {isa = PBXFileReference; lastKnownFileType = sourcecode.swift; path = RefershManger.swift; sourceTree = "<group>"; };
		4D5C03140096BA114255BF71 /* Pods-FootballApp.release.xcconfig */ = {isa = PBXFileReference; includeInIndex = 1; lastKnownFileType = text.xcconfig; name = "Pods-FootballApp.release.xcconfig"; path = "Target Support Files/Pods-FootballApp/Pods-FootballApp.release.xcconfig"; sourceTree = "<group>"; };
		4E041DAADCBB0F37F9422915 /* Pods-FootballApp.debug.xcconfig */ = {isa = PBXFileReference; includeInIndex = 1; lastKnownFileType = text.xcconfig; name = "Pods-FootballApp.debug.xcconfig"; path = "Target Support Files/Pods-FootballApp/Pods-FootballApp.debug.xcconfig"; sourceTree = "<group>"; };
		76593F51F34359B7510385EC /* Pods_FootballApp.framework */ = {isa = PBXFileReference; explicitFileType = wrapper.framework; includeInIndex = 0; path = Pods_FootballApp.framework; sourceTree = BUILT_PRODUCTS_DIR; };
		872244362572BD6A00103FF1 /* Store.swift */ = {isa = PBXFileReference; lastKnownFileType = sourcecode.swift; path = Store.swift; sourceTree = "<group>"; };
		872C5E7A2572EC1D006FC604 /* TeamDetailsViewController.swift */ = {isa = PBXFileReference; lastKnownFileType = sourcecode.swift; path = TeamDetailsViewController.swift; sourceTree = "<group>"; };
		872C5E7B2572EC1D006FC604 /* TeamDetailsViewController.xib */ = {isa = PBXFileReference; lastKnownFileType = file.xib; path = TeamDetailsViewController.xib; sourceTree = "<group>"; };
		872C5E7E2572ED56006FC604 /* TeamDetailsViewModel.swift */ = {isa = PBXFileReference; lastKnownFileType = sourcecode.swift; path = TeamDetailsViewModel.swift; sourceTree = "<group>"; };
		872C5E822572F3FF006FC604 /* ImageLogoTableViewCell.swift */ = {isa = PBXFileReference; lastKnownFileType = sourcecode.swift; path = ImageLogoTableViewCell.swift; sourceTree = "<group>"; };
		872C5E832572F3FF006FC604 /* ImageLogoTableViewCell.xib */ = {isa = PBXFileReference; lastKnownFileType = file.xib; path = ImageLogoTableViewCell.xib; sourceTree = "<group>"; };
		8748100B25708CA000785111 /* TeamTableViewCellViewModel.swift */ = {isa = PBXFileReference; lastKnownFileType = sourcecode.swift; path = TeamTableViewCellViewModel.swift; sourceTree = "<group>"; };
		874810112570975C00785111 /* LeagueTableViewCell.swift */ = {isa = PBXFileReference; lastKnownFileType = sourcecode.swift; path = LeagueTableViewCell.swift; sourceTree = "<group>"; };
		874810122570975C00785111 /* LeagueTableViewCell.xib */ = {isa = PBXFileReference; lastKnownFileType = file.xib; path = LeagueTableViewCell.xib; sourceTree = "<group>"; };
		8748101525710BC900785111 /* LeagueTableViewCellViewModel.swift */ = {isa = PBXFileReference; lastKnownFileType = sourcecode.swift; path = LeagueTableViewCellViewModel.swift; sourceTree = "<group>"; };
		878DFBBA256C5703003077C5 /* TeamsScreenViewController.swift */ = {isa = PBXFileReference; lastKnownFileType = sourcecode.swift; name = TeamsScreenViewController.swift; path = FootballApp/Models/TeamsScreenViewController.swift; sourceTree = SOURCE_ROOT; };
		878DFBBB256C5703003077C5 /* TeamsScreenViewController.xib */ = {isa = PBXFileReference; lastKnownFileType = file.xib; name = TeamsScreenViewController.xib; path = FootballApp/Models/TeamsScreenViewController.xib; sourceTree = SOURCE_ROOT; };
		878DFBBE256C5718003077C5 /* TeamsScreenViewModel.swift */ = {isa = PBXFileReference; lastKnownFileType = sourcecode.swift; name = TeamsScreenViewModel.swift; path = FootballApp/ViewRelated/ScreenTwo/ViewModels/Controllers/TeamsScreenViewModel.swift; sourceTree = SOURCE_ROOT; };
		878DFBC0256C5809003077C5 /* Team.swift */ = {isa = PBXFileReference; lastKnownFileType = sourcecode.swift; path = Team.swift; sourceTree = "<group>"; };
		878DFBC2256C58DE003077C5 /* Season.swift */ = {isa = PBXFileReference; lastKnownFileType = sourcecode.swift; path = Season.swift; sourceTree = "<group>"; };
		878DFBC4256C590C003077C5 /* JSONNUll.swift */ = {isa = PBXFileReference; lastKnownFileType = sourcecode.swift; path = JSONNUll.swift; sourceTree = "<group>"; };
		878DFBC6256C5A9F003077C5 /* TeamsResponse.swift */ = {isa = PBXFileReference; lastKnownFileType = sourcecode.swift; path = TeamsResponse.swift; sourceTree = "<group>"; };
		879F32BA25705D83002B07F5 /* TeamTableViewCell.swift */ = {isa = PBXFileReference; lastKnownFileType = sourcecode.swift; name = TeamTableViewCell.swift; path = FootballApp/Models/TeamTableViewCell.swift; sourceTree = SOURCE_ROOT; };
		879F32BB25705D83002B07F5 /* TeamTableViewCell.xib */ = {isa = PBXFileReference; lastKnownFileType = file.xib; name = TeamTableViewCell.xib; path = FootballApp/Models/TeamTableViewCell.xib; sourceTree = SOURCE_ROOT; };
		87AD96ED257417A00057FE23 /* Reachability.swift */ = {isa = PBXFileReference; lastKnownFileType = sourcecode.swift; path = Reachability.swift; sourceTree = "<group>"; };
		BA1CE51D256AEEC300FC7E36 /* LeaguesScreenViewController.swift */ = {isa = PBXFileReference; lastKnownFileType = sourcecode.swift; path = LeaguesScreenViewController.swift; sourceTree = "<group>"; };
		BA1CE51E256AEEC300FC7E36 /* LeaguesScreenViewController.xib */ = {isa = PBXFileReference; lastKnownFileType = file.xib; path = LeaguesScreenViewController.xib; sourceTree = "<group>"; };
		BA1CE521256AEEED00FC7E36 /* LeaguesScreenViewModel.swift */ = {isa = PBXFileReference; lastKnownFileType = sourcecode.swift; path = LeaguesScreenViewModel.swift; sourceTree = "<group>"; };
		BA1CE524256AF24E00FC7E36 /* Leagues.swift */ = {isa = PBXFileReference; lastKnownFileType = sourcecode.swift; path = Leagues.swift; sourceTree = "<group>"; };
		BA1CE526256AF2E100FC7E36 /* Competition.swift */ = {isa = PBXFileReference; lastKnownFileType = sourcecode.swift; path = Competition.swift; sourceTree = "<group>"; };
		BA1CE528256AF2FE00FC7E36 /* Area.swift */ = {isa = PBXFileReference; lastKnownFileType = sourcecode.swift; path = Area.swift; sourceTree = "<group>"; };
		BA1CE52A256AF31B00FC7E36 /* CurrentSeason.swift */ = {isa = PBXFileReference; lastKnownFileType = sourcecode.swift; path = CurrentSeason.swift; sourceTree = "<group>"; };
		BA1CE52C256AF33100FC7E36 /* Winner.swift */ = {isa = PBXFileReference; lastKnownFileType = sourcecode.swift; path = Winner.swift; sourceTree = "<group>"; };
		BA1CE52E256AF36A00FC7E36 /* Plan.swift */ = {isa = PBXFileReference; lastKnownFileType = sourcecode.swift; path = Plan.swift; sourceTree = "<group>"; };
		BA1CE530256AF3BA00FC7E36 /* Network.swift */ = {isa = PBXFileReference; lastKnownFileType = sourcecode.swift; path = Network.swift; sourceTree = "<group>"; };
		BA3DB9272561A06F00F213E1 /* FootballApp.app */ = {isa = PBXFileReference; explicitFileType = wrapper.application; includeInIndex = 0; path = FootballApp.app; sourceTree = BUILT_PRODUCTS_DIR; };
		BA3DB92A2561A06F00F213E1 /* AppDelegate.swift */ = {isa = PBXFileReference; lastKnownFileType = sourcecode.swift; path = AppDelegate.swift; sourceTree = "<group>"; };
		BA3DB9312561A07000F213E1 /* Assets.xcassets */ = {isa = PBXFileReference; lastKnownFileType = folder.assetcatalog; path = Assets.xcassets; sourceTree = "<group>"; };
		BA3DB9342561A07000F213E1 /* Base */ = {isa = PBXFileReference; lastKnownFileType = file.storyboard; name = Base; path = Base.lproj/LaunchScreen.storyboard; sourceTree = "<group>"; };
		BA3DB9362561A07000F213E1 /* Info.plist */ = {isa = PBXFileReference; lastKnownFileType = text.plist.xml; path = Info.plist; sourceTree = "<group>"; };
		BA990F75256B0A2000800EFA /* Observable.swift */ = {isa = PBXFileReference; lastKnownFileType = sourcecode.swift; path = Observable.swift; sourceTree = "<group>"; };
/* End PBXFileReference section */

/* Begin PBXFrameworksBuildPhase section */
		BA3DB9242561A06F00F213E1 /* Frameworks */ = {
			isa = PBXFrameworksBuildPhase;
			buildActionMask = 2147483647;
			files = (
				DC3F3C8DE524534731348CE5 /* Pods_FootballApp.framework in Frameworks */,
			);
			runOnlyForDeploymentPostprocessing = 0;
		};
/* End PBXFrameworksBuildPhase section */

/* Begin PBXGroup section */
		15562D9F20B6C963222899D1 /* Pods */ = {
			isa = PBXGroup;
			children = (
				4E041DAADCBB0F37F9422915 /* Pods-FootballApp.debug.xcconfig */,
				4D5C03140096BA114255BF71 /* Pods-FootballApp.release.xcconfig */,
			);
			path = Pods;
			sourceTree = "<group>";
		};
		181A366225712DE000BE9B88 /* Realm */ = {
			isa = PBXGroup;
			children = (
				181A36672571354000BE9B88 /* Models */,
				181A366325712DEC00BE9B88 /* RealmStorage.swift */,
			);
			path = Realm;
			sourceTree = "<group>";
		};
		181A36672571354000BE9B88 /* Models */ = {
			isa = PBXGroup;
			children = (
				181A3668257135B000BE9B88 /* StorageLeagues.swift */,
				181A366A2571367700BE9B88 /* StorageCompetition.swift */,
				181A366C2571374100BE9B88 /* StorageCurrentSeason.swift */,
				181A366E2571388000BE9B88 /* StorageTeamsResponse.swift */,
				181A36702571390100BE9B88 /* StorageTeam.swift */,
				181A3672257139BD00BE9B88 /* StorageArea.swift */,
			);
			path = Models;
			sourceTree = "<group>";
		};
		181A367425714A5800BE9B88 /* Tools */ = {
			isa = PBXGroup;
			children = (
				BA990F75256B0A2000800EFA /* Observable.swift */,
				181A367525714AC200BE9B88 /* RefershManger.swift */,
				87AD96ED257417A00057FE23 /* Reachability.swift */,
			);
			path = Tools;
			sourceTree = "<group>";
		};
		872C5E802572F3CF006FC604 /* Cells */ = {
			isa = PBXGroup;
			children = (
				872C5E822572F3FF006FC604 /* ImageLogoTableViewCell.swift */,
				872C5E832572F3FF006FC604 /* ImageLogoTableViewCell.xib */,
			);
			path = Cells;
			sourceTree = "<group>";
		};
		872C5E812572F3D6006FC604 /* Controllers */ = {
			isa = PBXGroup;
			children = (
				872C5E7A2572EC1D006FC604 /* TeamDetailsViewController.swift */,
				872C5E7B2572EC1D006FC604 /* TeamDetailsViewController.xib */,
			);
			path = Controllers;
			sourceTree = "<group>";
		};
		8748100925708C6100785111 /* Cells */ = {
			isa = PBXGroup;
			children = (
				8748100B25708CA000785111 /* TeamTableViewCellViewModel.swift */,
			);
			path = Cells;
			sourceTree = "<group>";
		};
		8748100A25708C6D00785111 /* Controllers */ = {
			isa = PBXGroup;
			children = (
				878DFBBE256C5718003077C5 /* TeamsScreenViewModel.swift */,
			);
			path = Controllers;
			sourceTree = "<group>";
		};
		8748100D2570971B00785111 /* Cells */ = {
			isa = PBXGroup;
			children = (
				874810102570974400785111 /* ViewModel */,
				8748100F2570973300785111 /* View */,
			);
			path = Cells;
			sourceTree = "<group>";
		};
		8748100E2570972100785111 /* Controllers */ = {
			isa = PBXGroup;
			children = (
				BA1CE51D256AEEC300FC7E36 /* LeaguesScreenViewController.swift */,
				BA1CE51E256AEEC300FC7E36 /* LeaguesScreenViewController.xib */,
			);
			path = Controllers;
			sourceTree = "<group>";
		};
		8748100F2570973300785111 /* View */ = {
			isa = PBXGroup;
			children = (
				874810112570975C00785111 /* LeagueTableViewCell.swift */,
				874810122570975C00785111 /* LeagueTableViewCell.xib */,
			);
			path = View;
			sourceTree = "<group>";
		};
		874810102570974400785111 /* ViewModel */ = {
			isa = PBXGroup;
			children = (
				8748101525710BC900785111 /* LeagueTableViewCellViewModel.swift */,
			);
			path = ViewModel;
			sourceTree = "<group>";
		};
		879F32B825705D04002B07F5 /* Cells */ = {
			isa = PBXGroup;
			children = (
				879F32BA25705D83002B07F5 /* TeamTableViewCell.swift */,
				879F32BB25705D83002B07F5 /* TeamTableViewCell.xib */,
			);
			name = Cells;
			path = ../FootballApp/ViewRelated/ScreenTwo/Cells;
			sourceTree = "<group>";
		};
		879F32B925705D30002B07F5 /* Views */ = {
			isa = PBXGroup;
			children = (
				BA3DB9462561A1F400F213E1 /* Controllers */,
				879F32B825705D04002B07F5 /* Cells */,
			);
			path = Views;
			sourceTree = "<group>";
		};
		BA1CE523256AF13900FC7E36 /* Models */ = {
			isa = PBXGroup;
			children = (
				BA1CE524256AF24E00FC7E36 /* Leagues.swift */,
				878DFBC6256C5A9F003077C5 /* TeamsResponse.swift */,
				BA1CE52A256AF31B00FC7E36 /* CurrentSeason.swift */,
				BA1CE52C256AF33100FC7E36 /* Winner.swift */,
				BA1CE526256AF2E100FC7E36 /* Competition.swift */,
				BA1CE528256AF2FE00FC7E36 /* Area.swift */,
				BA1CE52E256AF36A00FC7E36 /* Plan.swift */,
				878DFBC0256C5809003077C5 /* Team.swift */,
				878DFBC2256C58DE003077C5 /* Season.swift */,
				878DFBC4256C590C003077C5 /* JSONNUll.swift */,
			);
			path = Models;
			sourceTree = "<group>";
		};
		BA3DB91E2561A06F00F213E1 = {
			isa = PBXGroup;
			children = (
				BA3DB9292561A06F00F213E1 /* FootballApp */,
				BA3DB9282561A06F00F213E1 /* Products */,
				15562D9F20B6C963222899D1 /* Pods */,
				C04B5E15B374A0EE0E33B3C9 /* Frameworks */,
			);
			sourceTree = "<group>";
		};
		BA3DB9282561A06F00F213E1 /* Products */ = {
			isa = PBXGroup;
			children = (
				BA3DB9272561A06F00F213E1 /* FootballApp.app */,
			);
			name = Products;
			sourceTree = "<group>";
		};
		BA3DB9292561A06F00F213E1 /* FootballApp */ = {
			isa = PBXGroup;
			children = (
				181A367425714A5800BE9B88 /* Tools */,
				BA1CE523256AF13900FC7E36 /* Models */,
				BA3DB9492561A22000F213E1 /* Configuration */,
				BA3DB93E2561A0F100F213E1 /* ViewRelated */,
				BA3DB93D2561A0C200F213E1 /* Networking */,
				BA3DB93C2561A0AC00F213E1 /* Storage */,
				BA3DB9312561A07000F213E1 /* Assets.xcassets */,
				BA3DB9332561A07000F213E1 /* LaunchScreen.storyboard */,
				872244362572BD6A00103FF1 /* Store.swift */,
			);
			path = FootballApp;
			sourceTree = "<group>";
		};
		BA3DB93C2561A0AC00F213E1 /* Storage */ = {
			isa = PBXGroup;
			children = (
				181A366225712DE000BE9B88 /* Realm */,
			);
			path = Storage;
			sourceTree = "<group>";
		};
		BA3DB93D2561A0C200F213E1 /* Networking */ = {
			isa = PBXGroup;
			children = (
				BA1CE530256AF3BA00FC7E36 /* Network.swift */,
			);
			path = Networking;
			sourceTree = "<group>";
		};
		BA3DB93E2561A0F100F213E1 /* ViewRelated */ = {
			isa = PBXGroup;
			children = (
				BA3DB92A2561A06F00F213E1 /* AppDelegate.swift */,
				BA3DB9402561A16500F213E1 /* LeaguesScreen */,
				BA3DB9412561A17300F213E1 /* ScreenTwo */,
				BA3DB9422561A1A400F213E1 /* ScreenThree */,
			);
			path = ViewRelated;
			sourceTree = "<group>";
		};
		BA3DB9402561A16500F213E1 /* LeaguesScreen */ = {
			isa = PBXGroup;
			children = (
				BA3DB9432561A1BE00F213E1 /* View */,
				BA3DB9442561A1C400F213E1 /* ViewModel */,
			);
			path = LeaguesScreen;
			sourceTree = "<group>";
		};
		BA3DB9412561A17300F213E1 /* ScreenTwo */ = {
			isa = PBXGroup;
			children = (
				879F32B925705D30002B07F5 /* Views */,
				BA3DB9452561A1EA00F213E1 /* ViewModels */,
			);
			path = ScreenTwo;
			sourceTree = "<group>";
		};
		BA3DB9422561A1A400F213E1 /* ScreenThree */ = {
			isa = PBXGroup;
			children = (
				BA3DB9482561A20800F213E1 /* View */,
				BA3DB9472561A20000F213E1 /* ViewModel */,
			);
			path = ScreenThree;
			sourceTree = "<group>";
		};
		BA3DB9432561A1BE00F213E1 /* View */ = {
			isa = PBXGroup;
			children = (
				8748100E2570972100785111 /* Controllers */,
				8748100D2570971B00785111 /* Cells */,
			);
			path = View;
			sourceTree = "<group>";
		};
		BA3DB9442561A1C400F213E1 /* ViewModel */ = {
			isa = PBXGroup;
			children = (
				BA1CE521256AEEED00FC7E36 /* LeaguesScreenViewModel.swift */,
			);
			path = ViewModel;
			sourceTree = "<group>";
		};
		BA3DB9452561A1EA00F213E1 /* ViewModels */ = {
			isa = PBXGroup;
			children = (
				8748100A25708C6D00785111 /* Controllers */,
				8748100925708C6100785111 /* Cells */,
			);
			path = ViewModels;
			sourceTree = "<group>";
		};
		BA3DB9462561A1F400F213E1 /* Controllers */ = {
			isa = PBXGroup;
			children = (
				878DFBBA256C5703003077C5 /* TeamsScreenViewController.swift */,
				878DFBBB256C5703003077C5 /* TeamsScreenViewController.xib */,
			);
			path = Controllers;
			sourceTree = "<group>";
		};
		BA3DB9472561A20000F213E1 /* ViewModel */ = {
			isa = PBXGroup;
			children = (
				872C5E7E2572ED56006FC604 /* TeamDetailsViewModel.swift */,
			);
			path = ViewModel;
			sourceTree = "<group>";
		};
		BA3DB9482561A20800F213E1 /* View */ = {
			isa = PBXGroup;
			children = (
				872C5E812572F3D6006FC604 /* Controllers */,
				872C5E802572F3CF006FC604 /* Cells */,
			);
			path = View;
			sourceTree = "<group>";
		};
		BA3DB9492561A22000F213E1 /* Configuration */ = {
			isa = PBXGroup;
			children = (
				BA3DB9362561A07000F213E1 /* Info.plist */,
			);
			path = Configuration;
			sourceTree = "<group>";
		};
		C04B5E15B374A0EE0E33B3C9 /* Frameworks */ = {
			isa = PBXGroup;
			children = (
				76593F51F34359B7510385EC /* Pods_FootballApp.framework */,
			);
			name = Frameworks;
			sourceTree = "<group>";
		};
/* End PBXGroup section */

/* Begin PBXNativeTarget section */
		BA3DB9262561A06F00F213E1 /* FootballApp */ = {
			isa = PBXNativeTarget;
			buildConfigurationList = BA3DB9392561A07000F213E1 /* Build configuration list for PBXNativeTarget "FootballApp" */;
			buildPhases = (
				322130899F766D7381E3DA07 /* [CP] Check Pods Manifest.lock */,
				BA3DB9232561A06F00F213E1 /* Sources */,
				BA3DB9242561A06F00F213E1 /* Frameworks */,
				BA3DB9252561A06F00F213E1 /* Resources */,
				431C7472DBA3BA45F767F38F /* [CP] Embed Pods Frameworks */,
			);
			buildRules = (
			);
			dependencies = (
			);
			name = FootballApp;
			productName = FootballApp;
			productReference = BA3DB9272561A06F00F213E1 /* FootballApp.app */;
			productType = "com.apple.product-type.application";
		};
/* End PBXNativeTarget section */

/* Begin PBXProject section */
		BA3DB91F2561A06F00F213E1 /* Project object */ = {
			isa = PBXProject;
			attributes = {
				LastSwiftUpdateCheck = 0930;
				LastUpgradeCheck = 0930;
				ORGANIZATIONNAME = jets;
				TargetAttributes = {
					BA3DB9262561A06F00F213E1 = {
						CreatedOnToolsVersion = 9.3;
					};
				};
			};
			buildConfigurationList = BA3DB9222561A06F00F213E1 /* Build configuration list for PBXProject "FootballApp" */;
			compatibilityVersion = "Xcode 9.3";
			developmentRegion = en;
			hasScannedForEncodings = 0;
			knownRegions = (
				en,
				Base,
			);
			mainGroup = BA3DB91E2561A06F00F213E1;
			productRefGroup = BA3DB9282561A06F00F213E1 /* Products */;
			projectDirPath = "";
			projectRoot = "";
			targets = (
				BA3DB9262561A06F00F213E1 /* FootballApp */,
			);
		};
/* End PBXProject section */

/* Begin PBXResourcesBuildPhase section */
		BA3DB9252561A06F00F213E1 /* Resources */ = {
			isa = PBXResourcesBuildPhase;
			buildActionMask = 2147483647;
			files = (
				BA3DB9352561A07000F213E1 /* LaunchScreen.storyboard in Resources */,
				874810142570975C00785111 /* LeagueTableViewCell.xib in Resources */,
				872C5E852572F3FF006FC604 /* ImageLogoTableViewCell.xib in Resources */,
				872C5E7D2572EC1D006FC604 /* TeamDetailsViewController.xib in Resources */,
				878DFBBD256C5703003077C5 /* TeamsScreenViewController.xib in Resources */,
				BA1CE520256AEEC300FC7E36 /* LeaguesScreenViewController.xib in Resources */,
				BA3DB9322561A07000F213E1 /* Assets.xcassets in Resources */,
				879F32BD25705D83002B07F5 /* TeamTableViewCell.xib in Resources */,
			);
			runOnlyForDeploymentPostprocessing = 0;
		};
/* End PBXResourcesBuildPhase section */

/* Begin PBXShellScriptBuildPhase section */
		322130899F766D7381E3DA07 /* [CP] Check Pods Manifest.lock */ = {
			isa = PBXShellScriptBuildPhase;
			buildActionMask = 2147483647;
			files = (
			);
			inputFileListPaths = (
			);
			inputPaths = (
				"${PODS_PODFILE_DIR_PATH}/Podfile.lock",
				"${PODS_ROOT}/Manifest.lock",
			);
			name = "[CP] Check Pods Manifest.lock";
			outputFileListPaths = (
			);
			outputPaths = (
				"$(DERIVED_FILE_DIR)/Pods-FootballApp-checkManifestLockResult.txt",
			);
			runOnlyForDeploymentPostprocessing = 0;
			shellPath = /bin/sh;
			shellScript = "diff \"${PODS_PODFILE_DIR_PATH}/Podfile.lock\" \"${PODS_ROOT}/Manifest.lock\" > /dev/null\nif [ $? != 0 ] ; then\n    # print error to STDERR\n    echo \"error: The sandbox is not in sync with the Podfile.lock. Run 'pod install' or update your CocoaPods installation.\" >&2\n    exit 1\nfi\n# This output is used by Xcode 'outputs' to avoid re-running this script phase.\necho \"SUCCESS\" > \"${SCRIPT_OUTPUT_FILE_0}\"\n";
			showEnvVarsInLog = 0;
		};
		431C7472DBA3BA45F767F38F /* [CP] Embed Pods Frameworks */ = {
			isa = PBXShellScriptBuildPhase;
			buildActionMask = 2147483647;
			files = (
			);
			inputFileListPaths = (
				"${PODS_ROOT}/Target Support Files/Pods-FootballApp/Pods-FootballApp-frameworks-${CONFIGURATION}-input-files.xcfilelist",
			);
			name = "[CP] Embed Pods Frameworks";
			outputFileListPaths = (
				"${PODS_ROOT}/Target Support Files/Pods-FootballApp/Pods-FootballApp-frameworks-${CONFIGURATION}-output-files.xcfilelist",
			);
			runOnlyForDeploymentPostprocessing = 0;
			shellPath = /bin/sh;
			shellScript = "\"${PODS_ROOT}/Target Support Files/Pods-FootballApp/Pods-FootballApp-frameworks.sh\"\n";
			showEnvVarsInLog = 0;
		};
/* End PBXShellScriptBuildPhase section */

/* Begin PBXSourcesBuildPhase section */
		BA3DB9232561A06F00F213E1 /* Sources */ = {
			isa = PBXSourcesBuildPhase;
			buildActionMask = 2147483647;
			files = (
				878DFBC5256C590C003077C5 /* JSONNUll.swift in Sources */,
				8748101625710BC900785111 /* LeagueTableViewCellViewModel.swift in Sources */,
				878DFBC3256C58DE003077C5 /* Season.swift in Sources */,
				BA1CE529256AF2FE00FC7E36 /* Area.swift in Sources */,
				BA1CE52B256AF31B00FC7E36 /* CurrentSeason.swift in Sources */,
				878DFBC1256C5809003077C5 /* Team.swift in Sources */,
				87AD96EE257417A00057FE23 /* Reachability.swift in Sources */,
				181A366D2571374100BE9B88 /* StorageCurrentSeason.swift in Sources */,
				878DFBBF256C5718003077C5 /* TeamsScreenViewModel.swift in Sources */,
				BA1CE527256AF2E100FC7E36 /* Competition.swift in Sources */,
				879F32BC25705D83002B07F5 /* TeamTableViewCell.swift in Sources */,
				BA990F76256B0A2000800EFA /* Observable.swift in Sources */,
				BA1CE52F256AF36A00FC7E36 /* Plan.swift in Sources */,
				BA1CE531256AF3BA00FC7E36 /* Network.swift in Sources */,
				BA1CE522256AEEED00FC7E36 /* LeaguesScreenViewModel.swift in Sources */,
				872C5E7F2572ED56006FC604 /* TeamDetailsViewModel.swift in Sources */,
				872C5E7C2572EC1D006FC604 /* TeamDetailsViewController.swift in Sources */,
				BA3DB92B2561A06F00F213E1 /* AppDelegate.swift in Sources */,
				872244372572BD6A00103FF1 /* Store.swift in Sources */,
				181A366425712DEC00BE9B88 /* RealmStorage.swift in Sources */,
				181A367625714AC200BE9B88 /* RefershManger.swift in Sources */,
				872C5E842572F3FF006FC604 /* ImageLogoTableViewCell.swift in Sources */,
				8748100C25708CA000785111 /* TeamTableViewCellViewModel.swift in Sources */,
				BA1CE51F256AEEC300FC7E36 /* LeaguesScreenViewController.swift in Sources */,
				181A3673257139BD00BE9B88 /* StorageArea.swift in Sources */,
				181A36712571390100BE9B88 /* StorageTeam.swift in Sources */,
				878DFBBC256C5703003077C5 /* TeamsScreenViewController.swift in Sources */,
				878DFBC7256C5A9F003077C5 /* TeamsResponse.swift in Sources */,
				181A366F2571388000BE9B88 /* StorageTeamsResponse.swift in Sources */,
				181A366B2571367700BE9B88 /* StorageCompetition.swift in Sources */,
				BA1CE52D256AF33100FC7E36 /* Winner.swift in Sources */,
				181A3669257135B000BE9B88 /* StorageLeagues.swift in Sources */,
				874810132570975C00785111 /* LeagueTableViewCell.swift in Sources */,
				BA1CE525256AF24E00FC7E36 /* Leagues.swift in Sources */,
			);
			runOnlyForDeploymentPostprocessing = 0;
		};
/* End PBXSourcesBuildPhase section */

/* Begin PBXVariantGroup section */
		BA3DB9332561A07000F213E1 /* LaunchScreen.storyboard */ = {
			isa = PBXVariantGroup;
			children = (
				BA3DB9342561A07000F213E1 /* Base */,
			);
			name = LaunchScreen.storyboard;
			sourceTree = "<group>";
		};
/* End PBXVariantGroup section */

/* Begin XCBuildConfiguration section */
		BA3DB9372561A07000F213E1 /* Debug */ = {
			isa = XCBuildConfiguration;
			buildSettings = {
				ALWAYS_SEARCH_USER_PATHS = NO;
				CLANG_ANALYZER_NONNULL = YES;
				CLANG_ANALYZER_NUMBER_OBJECT_CONVERSION = YES_AGGRESSIVE;
				CLANG_CXX_LANGUAGE_STANDARD = "gnu++14";
				CLANG_CXX_LIBRARY = "libc++";
				CLANG_ENABLE_MODULES = YES;
				CLANG_ENABLE_OBJC_ARC = YES;
				CLANG_ENABLE_OBJC_WEAK = YES;
				CLANG_WARN_BLOCK_CAPTURE_AUTORELEASING = YES;
				CLANG_WARN_BOOL_CONVERSION = YES;
				CLANG_WARN_COMMA = YES;
				CLANG_WARN_CONSTANT_CONVERSION = YES;
				CLANG_WARN_DEPRECATED_OBJC_IMPLEMENTATIONS = YES;
				CLANG_WARN_DIRECT_OBJC_ISA_USAGE = YES_ERROR;
				CLANG_WARN_DOCUMENTATION_COMMENTS = YES;
				CLANG_WARN_EMPTY_BODY = YES;
				CLANG_WARN_ENUM_CONVERSION = YES;
				CLANG_WARN_INFINITE_RECURSION = YES;
				CLANG_WARN_INT_CONVERSION = YES;
				CLANG_WARN_NON_LITERAL_NULL_CONVERSION = YES;
				CLANG_WARN_OBJC_IMPLICIT_RETAIN_SELF = YES;
				CLANG_WARN_OBJC_LITERAL_CONVERSION = YES;
				CLANG_WARN_OBJC_ROOT_CLASS = YES_ERROR;
				CLANG_WARN_RANGE_LOOP_ANALYSIS = YES;
				CLANG_WARN_STRICT_PROTOTYPES = YES;
				CLANG_WARN_SUSPICIOUS_MOVE = YES;
				CLANG_WARN_UNGUARDED_AVAILABILITY = YES_AGGRESSIVE;
				CLANG_WARN_UNREACHABLE_CODE = YES;
				CLANG_WARN__DUPLICATE_METHOD_MATCH = YES;
				CODE_SIGN_IDENTITY = "iPhone Developer";
				COPY_PHASE_STRIP = NO;
				DEBUG_INFORMATION_FORMAT = dwarf;
				ENABLE_STRICT_OBJC_MSGSEND = YES;
				ENABLE_TESTABILITY = YES;
				GCC_C_LANGUAGE_STANDARD = gnu11;
				GCC_DYNAMIC_NO_PIC = NO;
				GCC_NO_COMMON_BLOCKS = YES;
				GCC_OPTIMIZATION_LEVEL = 0;
				GCC_PREPROCESSOR_DEFINITIONS = (
					"DEBUG=1",
					"$(inherited)",
				);
				GCC_WARN_64_TO_32_BIT_CONVERSION = YES;
				GCC_WARN_ABOUT_RETURN_TYPE = YES_ERROR;
				GCC_WARN_UNDECLARED_SELECTOR = YES;
				GCC_WARN_UNINITIALIZED_AUTOS = YES_AGGRESSIVE;
				GCC_WARN_UNUSED_FUNCTION = YES;
				GCC_WARN_UNUSED_VARIABLE = YES;
				IPHONEOS_DEPLOYMENT_TARGET = 11.3;
				MTL_ENABLE_DEBUG_INFO = YES;
				ONLY_ACTIVE_ARCH = YES;
				SDKROOT = iphoneos;
				SWIFT_ACTIVE_COMPILATION_CONDITIONS = DEBUG;
				SWIFT_OPTIMIZATION_LEVEL = "-Onone";
			};
			name = Debug;
		};
		BA3DB9382561A07000F213E1 /* Release */ = {
			isa = XCBuildConfiguration;
			buildSettings = {
				ALWAYS_SEARCH_USER_PATHS = NO;
				CLANG_ANALYZER_NONNULL = YES;
				CLANG_ANALYZER_NUMBER_OBJECT_CONVERSION = YES_AGGRESSIVE;
				CLANG_CXX_LANGUAGE_STANDARD = "gnu++14";
				CLANG_CXX_LIBRARY = "libc++";
				CLANG_ENABLE_MODULES = YES;
				CLANG_ENABLE_OBJC_ARC = YES;
				CLANG_ENABLE_OBJC_WEAK = YES;
				CLANG_WARN_BLOCK_CAPTURE_AUTORELEASING = YES;
				CLANG_WARN_BOOL_CONVERSION = YES;
				CLANG_WARN_COMMA = YES;
				CLANG_WARN_CONSTANT_CONVERSION = YES;
				CLANG_WARN_DEPRECATED_OBJC_IMPLEMENTATIONS = YES;
				CLANG_WARN_DIRECT_OBJC_ISA_USAGE = YES_ERROR;
				CLANG_WARN_DOCUMENTATION_COMMENTS = YES;
				CLANG_WARN_EMPTY_BODY = YES;
				CLANG_WARN_ENUM_CONVERSION = YES;
				CLANG_WARN_INFINITE_RECURSION = YES;
				CLANG_WARN_INT_CONVERSION = YES;
				CLANG_WARN_NON_LITERAL_NULL_CONVERSION = YES;
				CLANG_WARN_OBJC_IMPLICIT_RETAIN_SELF = YES;
				CLANG_WARN_OBJC_LITERAL_CONVERSION = YES;
				CLANG_WARN_OBJC_ROOT_CLASS = YES_ERROR;
				CLANG_WARN_RANGE_LOOP_ANALYSIS = YES;
				CLANG_WARN_STRICT_PROTOTYPES = YES;
				CLANG_WARN_SUSPICIOUS_MOVE = YES;
				CLANG_WARN_UNGUARDED_AVAILABILITY = YES_AGGRESSIVE;
				CLANG_WARN_UNREACHABLE_CODE = YES;
				CLANG_WARN__DUPLICATE_METHOD_MATCH = YES;
				CODE_SIGN_IDENTITY = "iPhone Developer";
				COPY_PHASE_STRIP = NO;
				DEBUG_INFORMATION_FORMAT = "dwarf-with-dsym";
				ENABLE_NS_ASSERTIONS = NO;
				ENABLE_STRICT_OBJC_MSGSEND = YES;
				GCC_C_LANGUAGE_STANDARD = gnu11;
				GCC_NO_COMMON_BLOCKS = YES;
				GCC_WARN_64_TO_32_BIT_CONVERSION = YES;
				GCC_WARN_ABOUT_RETURN_TYPE = YES_ERROR;
				GCC_WARN_UNDECLARED_SELECTOR = YES;
				GCC_WARN_UNINITIALIZED_AUTOS = YES_AGGRESSIVE;
				GCC_WARN_UNUSED_FUNCTION = YES;
				GCC_WARN_UNUSED_VARIABLE = YES;
				IPHONEOS_DEPLOYMENT_TARGET = 11.3;
				MTL_ENABLE_DEBUG_INFO = NO;
				SDKROOT = iphoneos;
				SWIFT_COMPILATION_MODE = wholemodule;
				SWIFT_OPTIMIZATION_LEVEL = "-O";
				VALIDATE_PRODUCT = YES;
			};
			name = Release;
		};
		BA3DB93A2561A07000F213E1 /* Debug */ = {
			isa = XCBuildConfiguration;
			baseConfigurationReference = 4E041DAADCBB0F37F9422915 /* Pods-FootballApp.debug.xcconfig */;
			buildSettings = {
				ASSETCATALOG_COMPILER_APPICON_NAME = AppIcon;
				CODE_SIGN_STYLE = Automatic;
				FRAMEWORK_SEARCH_PATHS = "$(inherited)";
				INFOPLIST_FILE = "$(SRCROOT)/FootballApp/Configuration/Info.plist";
				LD_RUNPATH_SEARCH_PATHS = (
					"$(inherited)",
					"@executable_path/Frameworks",
				);
				PRODUCT_BUNDLE_IDENTIFIER = com.iti.FootballApp;
				PRODUCT_NAME = "$(TARGET_NAME)";
				SWIFT_VERSION = 4.0;
				TARGETED_DEVICE_FAMILY = "1,2";
			};
			name = Debug;
		};
		BA3DB93B2561A07000F213E1 /* Release */ = {
			isa = XCBuildConfiguration;
			baseConfigurationReference = 4D5C03140096BA114255BF71 /* Pods-FootballApp.release.xcconfig */;
			buildSettings = {
				ASSETCATALOG_COMPILER_APPICON_NAME = AppIcon;
				CODE_SIGN_STYLE = Automatic;
				FRAMEWORK_SEARCH_PATHS = "$(inherited)";
				INFOPLIST_FILE = "$(SRCROOT)/FootballApp/Configuration/Info.plist";
				LD_RUNPATH_SEARCH_PATHS = (
					"$(inherited)",
					"@executable_path/Frameworks",
				);
				PRODUCT_BUNDLE_IDENTIFIER = com.iti.FootballApp;
				PRODUCT_NAME = "$(TARGET_NAME)";
				SWIFT_VERSION = 4.0;
				TARGETED_DEVICE_FAMILY = "1,2";
			};
			name = Release;
		};
/* End XCBuildConfiguration section */

/* Begin XCConfigurationList section */
		BA3DB9222561A06F00F213E1 /* Build configuration list for PBXProject "FootballApp" */ = {
			isa = XCConfigurationList;
			buildConfigurations = (
				BA3DB9372561A07000F213E1 /* Debug */,
				BA3DB9382561A07000F213E1 /* Release */,
			);
			defaultConfigurationIsVisible = 0;
			defaultConfigurationName = Release;
		};
		BA3DB9392561A07000F213E1 /* Build configuration list for PBXNativeTarget "FootballApp" */ = {
			isa = XCConfigurationList;
			buildConfigurations = (
				BA3DB93A2561A07000F213E1 /* Debug */,
				BA3DB93B2561A07000F213E1 /* Release */,
			);
			defaultConfigurationIsVisible = 0;
			defaultConfigurationName = Release;
		};
/* End XCConfigurationList section */
	};
	rootObject = BA3DB91F2561A06F00F213E1 /* Project object */;
}
